
Microsoft Visual Studio Solution File, Format Version 12.00
# Visual Studio 15
Project("{FAE04EC0-301F-11D3-BF4B-00C04F79EFBC}") = "GameScripts.Editor", "GameScripts.Editor.csproj", "{AE0E639C-6D4F-5936-5B70-F0EE09762B39}"
EndProject
Project("{FAE04EC0-301F-11D3-BF4B-00C04F79EFBC}") = "Assembly-CSharp-firstpass", "Assembly-CSharp-firstpass.csproj", "{FDE690F1-626F-FFA0-5754-E83120972A79}"
EndProject
Project("{FAE04EC0-301F-11D3-BF4B-00C04F79EFBC}") = "Assembly-CSharp-Editor-firstpass", "Assembly-CSharp-Editor-firstpass.csproj", "{1A619002-4B9A-6116-9B31-D1EC3C3EFBA5}"
EndProject
Project("{FAE04EC0-301F-11D3-BF4B-00C04F79EFBC}") = "HotUpdate", "HotUpdate.csproj", "{E25C1579-D660-10ED-0834-EFD38EA0FAD4}"
EndProject
Project("{FAE04EC0-301F-11D3-BF4B-00C04F79EFBC}") = "UniTask", "UniTask.csproj", "{45128E39-C207-CE61-7DD0-BAF2CE0339A3}"
EndProject
Project("{FAE04EC0-301F-11D3-BF4B-00C04F79EFBC}") = "FairyGUI", "FairyGUI.csproj", "{BA50F687-D49C-5BB1-DAE6-BF918ABCD527}"
EndProject
Project("{FAE04EC0-301F-11D3-BF4B-00C04F79EFBC}") = "UniTask.Linq", "UniTask.Linq.csproj", "{70A97B6C-4021-42F5-76F7-1E69C1CD3CAC}"
EndProject
Project("{FAE04EC0-301F-11D3-BF4B-00C04F79EFBC}") = "Zengine", "Zengine.csproj", "{1B8C5674-AD75-3285-A2DC-7AB189BA4796}"
EndProject
Project("{FAE04EC0-301F-11D3-BF4B-00C04F79EFBC}") = "BqLog.Runtime", "BqLog.Runtime.csproj", "{A81CC86A-5F60-684A-20A8-31FC7B37DA20}"
EndProject
Project("{FAE04EC0-301F-11D3-BF4B-00C04F79EFBC}") = "Vectrosity", "Vectrosity.csproj", "{5B1E9179-B417-34C6-E879-666FE78A1036}"
EndProject
Project("{FAE04EC0-301F-11D3-BF4B-00C04F79EFBC}") = "MainScript", "MainScript.csproj", "{856541F1-7ACD-A885-8823-446CF98CA51F}"
EndProject
Project("{FAE04EC0-301F-11D3-BF4B-00C04F79EFBC}") = "UniTask.Addressables", "UniTask.Addressables.csproj", "{A9CCB622-9412-48F8-6564-897448C71005}"
EndProject
Project("{FAE04EC0-301F-11D3-BF4B-00C04F79EFBC}") = "LoopScrollRect.Runtime", "LoopScrollRect.Runtime.csproj", "{330135D7-83BF-05AF-153D-AA8FA3606BA8}"
EndProject
Project("{FAE04EC0-301F-11D3-BF4B-00C04F79EFBC}") = "LitJson", "LitJson.csproj", "{68356EB9-BD39-6758-09EF-B392089A1254}"
EndProject
Project("{FAE04EC0-301F-11D3-BF4B-00C04F79EFBC}") = "UniTask.YooAsset", "UniTask.YooAsset.csproj", "{0BE75DA5-459F-EF9F-D92B-9D392B67AF9D}"
EndProject
Project("{FAE04EC0-301F-11D3-BF4B-00C04F79EFBC}") = "UniTask.TextMeshPro", "UniTask.TextMeshPro.csproj", "{85D171D7-AFED-A9B5-D394-EEC1EC19B438}"
EndProject
Project("{FAE04EC0-301F-11D3-BF4B-00C04F79EFBC}") = "MessagePack.Unity", "MessagePack.Unity.csproj", "{F037FCA0-327B-BA9D-8D4A-D7F483EAAF42}"
EndProject
Project("{FAE04EC0-301F-11D3-BF4B-00C04F79EFBC}") = "UniTask.DOTween", "UniTask.DOTween.csproj", "{912C2BE8-31C5-F349-FD06-2C0A3BDCBCB9}"
EndProject
Project("{FAE04EC0-301F-11D3-BF4B-00C04F79EFBC}") = "ZEngineEditor", "ZEngineEditor.csproj", "{539F3C4B-2AFE-9562-DB6A-26BDBA29002C}"
EndProject
Project("{FAE04EC0-301F-11D3-BF4B-00C04F79EFBC}") = "BqLog.Editor", "BqLog.Editor.csproj", "{94D2474E-19BB-B69D-B4AA-FE896229F1DC}"
EndProject
Project("{FAE04EC0-301F-11D3-BF4B-00C04F79EFBC}") = "Assembly-CSharp", "Assembly-CSharp.csproj", "{5B580621-09B4-68CB-B5F4-5B9DD210A60F}"
EndProject
Project("{FAE04EC0-301F-11D3-BF4B-00C04F79EFBC}") = "UniTask.Editor", "UniTask.Editor.csproj", "{E91EF77A-8738-8EAB-77B0-224245B4F887}"
EndProject
Project("{FAE04EC0-301F-11D3-BF4B-00C04F79EFBC}") = "Sirenix.OdinInspector.Modules.UnityMathematics", "Sirenix.OdinInspector.Modules.UnityMathematics.csproj", "{566BE08F-DE09-3972-DE4A-E564BDEDBE17}"
EndProject
Global
	GlobalSection(SolutionConfigurationPlatforms) = preSolution
		Debug|Any CPU = Debug|Any CPU
		Release|Any CPU = Release|Any CPU
	EndGlobalSection
	GlobalSection(ProjectConfigurationPlatforms) = postSolution
		{AE0E639C-6D4F-5936-5B70-F0EE09762B39}.Debug|Any CPU.ActiveCfg = Debug|Any CPU
		{AE0E639C-6D4F-5936-5B70-F0EE09762B39}.Debug|Any CPU.Build.0 = Debug|Any CPU
		{AE0E639C-6D4F-5936-5B70-F0EE09762B39}.Release|Any CPU.ActiveCfg = Release|Any CPU
		{AE0E639C-6D4F-5936-5B70-F0EE09762B39}.Release|Any CPU.Build.0 = Release|Any CPU
		{FDE690F1-626F-FFA0-5754-E83120972A79}.Debug|Any CPU.ActiveCfg = Debug|Any CPU
		{FDE690F1-626F-FFA0-5754-E83120972A79}.Debug|Any CPU.Build.0 = Debug|Any CPU
		{FDE690F1-626F-FFA0-5754-E83120972A79}.Release|Any CPU.ActiveCfg = Release|Any CPU
		{FDE690F1-626F-FFA0-5754-E83120972A79}.Release|Any CPU.Build.0 = Release|Any CPU
		{1A619002-4B9A-6116-9B31-D1EC3C3EFBA5}.Debug|Any CPU.ActiveCfg = Debug|Any CPU
		{1A619002-4B9A-6116-9B31-D1EC3C3EFBA5}.Debug|Any CPU.Build.0 = Debug|Any CPU
		{1A619002-4B9A-6116-9B31-D1EC3C3EFBA5}.Release|Any CPU.ActiveCfg = Release|Any CPU
		{1A619002-4B9A-6116-9B31-D1EC3C3EFBA5}.Release|Any CPU.Build.0 = Release|Any CPU
		{E25C1579-D660-10ED-0834-EFD38EA0FAD4}.Debug|Any CPU.ActiveCfg = Debug|Any CPU
		{E25C1579-D660-10ED-0834-EFD38EA0FAD4}.Debug|Any CPU.Build.0 = Debug|Any CPU
		{E25C1579-D660-10ED-0834-EFD38EA0FAD4}.Release|Any CPU.ActiveCfg = Release|Any CPU
		{E25C1579-D660-10ED-0834-EFD38EA0FAD4}.Release|Any CPU.Build.0 = Release|Any CPU
		{45128E39-C207-CE61-7DD0-BAF2CE0339A3}.Debug|Any CPU.ActiveCfg = Debug|Any CPU
		{45128E39-C207-CE61-7DD0-BAF2CE0339A3}.Debug|Any CPU.Build.0 = Debug|Any CPU
		{45128E39-C207-CE61-7DD0-BAF2CE0339A3}.Release|Any CPU.ActiveCfg = Release|Any CPU
		{45128E39-C207-CE61-7DD0-BAF2CE0339A3}.Release|Any CPU.Build.0 = Release|Any CPU
		{BA50F687-D49C-5BB1-DAE6-BF918ABCD527}.Debug|Any CPU.ActiveCfg = Debug|Any CPU
		{BA50F687-D49C-5BB1-DAE6-BF918ABCD527}.Debug|Any CPU.Build.0 = Debug|Any CPU
		{BA50F687-D49C-5BB1-DAE6-BF918ABCD527}.Release|Any CPU.ActiveCfg = Release|Any CPU
		{BA50F687-D49C-5BB1-DAE6-BF918ABCD527}.Release|Any CPU.Build.0 = Release|Any CPU
		{70A97B6C-4021-42F5-76F7-1E69C1CD3CAC}.Debug|Any CPU.ActiveCfg = Debug|Any CPU
		{70A97B6C-4021-42F5-76F7-1E69C1CD3CAC}.Debug|Any CPU.Build.0 = Debug|Any CPU
		{70A97B6C-4021-42F5-76F7-1E69C1CD3CAC}.Release|Any CPU.ActiveCfg = Release|Any CPU
		{70A97B6C-4021-42F5-76F7-1E69C1CD3CAC}.Release|Any CPU.Build.0 = Release|Any CPU
		{1B8C5674-AD75-3285-A2DC-7AB189BA4796}.Debug|Any CPU.ActiveCfg = Debug|Any CPU
		{1B8C5674-AD75-3285-A2DC-7AB189BA4796}.Debug|Any CPU.Build.0 = Debug|Any CPU
		{1B8C5674-AD75-3285-A2DC-7AB189BA4796}.Release|Any CPU.ActiveCfg = Release|Any CPU
		{1B8C5674-AD75-3285-A2DC-7AB189BA4796}.Release|Any CPU.Build.0 = Release|Any CPU
		{A81CC86A-5F60-684A-20A8-31FC7B37DA20}.Debug|Any CPU.ActiveCfg = Debug|Any CPU
		{A81CC86A-5F60-684A-20A8-31FC7B37DA20}.Debug|Any CPU.Build.0 = Debug|Any CPU
		{A81CC86A-5F60-684A-20A8-31FC7B37DA20}.Release|Any CPU.ActiveCfg = Release|Any CPU
		{A81CC86A-5F60-684A-20A8-31FC7B37DA20}.Release|Any CPU.Build.0 = Release|Any CPU
		{5B1E9179-B417-34C6-E879-666FE78A1036}.Debug|Any CPU.ActiveCfg = Debug|Any CPU
		{5B1E9179-B417-34C6-E879-666FE78A1036}.Debug|Any CPU.Build.0 = Debug|Any CPU
		{5B1E9179-B417-34C6-E879-666FE78A1036}.Release|Any CPU.ActiveCfg = Release|Any CPU
		{5B1E9179-B417-34C6-E879-666FE78A1036}.Release|Any CPU.Build.0 = Release|Any CPU
		{856541F1-7ACD-A885-8823-446CF98CA51F}.Debug|Any CPU.ActiveCfg = Debug|Any CPU
		{856541F1-7ACD-A885-8823-446CF98CA51F}.Debug|Any CPU.Build.0 = Debug|Any CPU
		{856541F1-7ACD-A885-8823-446CF98CA51F}.Release|Any CPU.ActiveCfg = Release|Any CPU
		{856541F1-7ACD-A885-8823-446CF98CA51F}.Release|Any CPU.Build.0 = Release|Any CPU
		{A9CCB622-9412-48F8-6564-897448C71005}.Debug|Any CPU.ActiveCfg = Debug|Any CPU
		{A9CCB622-9412-48F8-6564-897448C71005}.Debug|Any CPU.Build.0 = Debug|Any CPU
		{A9CCB622-9412-48F8-6564-897448C71005}.Release|Any CPU.ActiveCfg = Release|Any CPU
		{A9CCB622-9412-48F8-6564-897448C71005}.Release|Any CPU.Build.0 = Release|Any CPU
		{330135D7-83BF-05AF-153D-AA8FA3606BA8}.Debug|Any CPU.ActiveCfg = Debug|Any CPU
		{330135D7-83BF-05AF-153D-AA8FA3606BA8}.Debug|Any CPU.Build.0 = Debug|Any CPU
		{330135D7-83BF-05AF-153D-AA8FA3606BA8}.Release|Any CPU.ActiveCfg = Release|Any CPU
		{330135D7-83BF-05AF-153D-AA8FA3606BA8}.Release|Any CPU.Build.0 = Release|Any CPU
		{68356EB9-BD39-6758-09EF-B392089A1254}.Debug|Any CPU.ActiveCfg = Debug|Any CPU
		{68356EB9-BD39-6758-09EF-B392089A1254}.Debug|Any CPU.Build.0 = Debug|Any CPU
		{68356EB9-BD39-6758-09EF-B392089A1254}.Release|Any CPU.ActiveCfg = Release|Any CPU
		{68356EB9-BD39-6758-09EF-B392089A1254}.Release|Any CPU.Build.0 = Release|Any CPU
		{0BE75DA5-459F-EF9F-D92B-9D392B67AF9D}.Debug|Any CPU.ActiveCfg = Debug|Any CPU
		{0BE75DA5-459F-EF9F-D92B-9D392B67AF9D}.Debug|Any CPU.Build.0 = Debug|Any CPU
		{0BE75DA5-459F-EF9F-D92B-9D392B67AF9D}.Release|Any CPU.ActiveCfg = Release|Any CPU
		{0BE75DA5-459F-EF9F-D92B-9D392B67AF9D}.Release|Any CPU.Build.0 = Release|Any CPU
		{85D171D7-AFED-A9B5-D394-EEC1EC19B438}.Debug|Any CPU.ActiveCfg = Debug|Any CPU
		{85D171D7-AFED-A9B5-D394-EEC1EC19B438}.Debug|Any CPU.Build.0 = Debug|Any CPU
		{85D171D7-AFED-A9B5-D394-EEC1EC19B438}.Release|Any CPU.ActiveCfg = Release|Any CPU
		{85D171D7-AFED-A9B5-D394-EEC1EC19B438}.Release|Any CPU.Build.0 = Release|Any CPU
		{F037FCA0-327B-BA9D-8D4A-D7F483EAAF42}.Debug|Any CPU.ActiveCfg = Debug|Any CPU
		{F037FCA0-327B-BA9D-8D4A-D7F483EAAF42}.Debug|Any CPU.Build.0 = Debug|Any CPU
		{F037FCA0-327B-BA9D-8D4A-D7F483EAAF42}.Release|Any CPU.ActiveCfg = Release|Any CPU
		{F037FCA0-327B-BA9D-8D4A-D7F483EAAF42}.Release|Any CPU.Build.0 = Release|Any CPU
		{912C2BE8-31C5-F349-FD06-2C0A3BDCBCB9}.Debug|Any CPU.ActiveCfg = Debug|Any CPU
		{912C2BE8-31C5-F349-FD06-2C0A3BDCBCB9}.Debug|Any CPU.Build.0 = Debug|Any CPU
		{912C2BE8-31C5-F349-FD06-2C0A3BDCBCB9}.Release|Any CPU.ActiveCfg = Release|Any CPU
		{912C2BE8-31C5-F349-FD06-2C0A3BDCBCB9}.Release|Any CPU.Build.0 = Release|Any CPU
		{539F3C4B-2AFE-9562-DB6A-26BDBA29002C}.Debug|Any CPU.ActiveCfg = Debug|Any CPU
		{539F3C4B-2AFE-9562-DB6A-26BDBA29002C}.Debug|Any CPU.Build.0 = Debug|Any CPU
		{539F3C4B-2AFE-9562-DB6A-26BDBA29002C}.Release|Any CPU.ActiveCfg = Release|Any CPU
		{539F3C4B-2AFE-9562-DB6A-26BDBA29002C}.Release|Any CPU.Build.0 = Release|Any CPU
		{94D2474E-19BB-B69D-B4AA-FE896229F1DC}.Debug|Any CPU.ActiveCfg = Debug|Any CPU
		{94D2474E-19BB-B69D-B4AA-FE896229F1DC}.Debug|Any CPU.Build.0 = Debug|Any CPU
		{94D2474E-19BB-B69D-B4AA-FE896229F1DC}.Release|Any CPU.ActiveCfg = Release|Any CPU
		{94D2474E-19BB-B69D-B4AA-FE896229F1DC}.Release|Any CPU.Build.0 = Release|Any CPU
		{5B580621-09B4-68CB-B5F4-5B9DD210A60F}.Debug|Any CPU.ActiveCfg = Debug|Any CPU
		{5B580621-09B4-68CB-B5F4-5B9DD210A60F}.Debug|Any CPU.Build.0 = Debug|Any CPU
		{5B580621-09B4-68CB-B5F4-5B9DD210A60F}.Release|Any CPU.ActiveCfg = Release|Any CPU
		{5B580621-09B4-68CB-B5F4-5B9DD210A60F}.Release|Any CPU.Build.0 = Release|Any CPU
		{E91EF77A-8738-8EAB-77B0-224245B4F887}.Debug|Any CPU.ActiveCfg = Debug|Any CPU
		{E91EF77A-8738-8EAB-77B0-224245B4F887}.Debug|Any CPU.Build.0 = Debug|Any CPU
		{E91EF77A-8738-8EAB-77B0-224245B4F887}.Release|Any CPU.ActiveCfg = Release|Any CPU
		{E91EF77A-8738-8EAB-77B0-224245B4F887}.Release|Any CPU.Build.0 = Release|Any CPU
		{566BE08F-DE09-3972-DE4A-E564BDEDBE17}.Debug|Any CPU.ActiveCfg = Debug|Any CPU
		{566BE08F-DE09-3972-DE4A-E564BDEDBE17}.Debug|Any CPU.Build.0 = Debug|Any CPU
		{566BE08F-DE09-3972-DE4A-E564BDEDBE17}.Release|Any CPU.ActiveCfg = Release|Any CPU
		{566BE08F-DE09-3972-DE4A-E564BDEDBE17}.Release|Any CPU.Build.0 = Release|Any CPU
	EndGlobalSection
	GlobalSection(SolutionProperties) = preSolution
		HideSolutionNode = FALSE
	EndGlobalSection
EndGlobal
